
Microsoft Visual Studio Solution File, Format Version 12.00
# Visual Studio 15
VisualStudioVersion = 15.0.27004.2005
MinimumVisualStudioVersion = 10.0.40219.1
Project("{FAE04EC0-301F-11D3-BF4B-00C04F79EFBC}") = "Harvest.Api", "Harvest.Api\Harvest.Api.csproj", "{6112A715-DF10-4703-B6EA-CAEE51939DAD}"
EndProject
Project("{FAE04EC0-301F-11D3-BF4B-00C04F79EFBC}") = "Example", "Example\Example.csproj", "{2D890489-6C53-4CD9-9C0E-3ABFDA66AA73}"
EndProject
Global
	GlobalSection(SolutionConfigurationPlatforms) = preSolution
		Debug|Any CPU = Debug|Any CPU
		Release|Any CPU = Release|Any CPU
	EndGlobalSection
	GlobalSection(ProjectConfigurationPlatforms) = postSolution
		{6112A715-DF10-4703-B6EA-CAEE51939DAD}.Debug|Any CPU.ActiveCfg = Debug|Any CPU
		{6112A715-DF10-4703-B6EA-CAEE51939DAD}.Debug|Any CPU.Build.0 = Debug|Any CPU
		{6112A715-DF10-4703-B6EA-CAEE51939DAD}.Release|Any CPU.ActiveCfg = Release|Any CPU
		{6112A715-DF10-4703-B6EA-CAEE51939DAD}.Release|Any CPU.Build.0 = Release|Any CPU
		{2D890489-6C53-4CD9-9C0E-3ABFDA66AA73}.Debug|Any CPU.ActiveCfg = Debug|Any CPU
		{2D890489-6C53-4CD9-9C0E-3ABFDA66AA73}.Debug|Any CPU.Build.0 = Debug|Any CPU
		{2D890489-6C53-4CD9-9C0E-3ABFDA66AA73}.Release|Any CPU.ActiveCfg = Release|Any CPU
		{2D890489-6C53-4CD9-9C0E-3ABFDA66AA73}.Release|Any CPU.Build.0 = Release|Any CPU
	EndGlobalSection
	GlobalSection(SolutionProperties) = preSolution
		HideSolutionNode = FALSE
	EndGlobalSection
	GlobalSection(ExtensibilityGlobals) = postSolution
		SolutionGuid = {A644A78E-8092-436C-81AE-31BF1A0BD2B2}
	EndGlobalSection
EndGlobal
